// !$*UTF8*$!
{
	archiveVersion = 1;
	classes = {
	};
	objectVersion = 46;
	objects = {

/* Begin PBXBuildFile section */
		CC02E19D1C4A9A270024D998 /* main.m in Sources */ = {isa = PBXBuildFile; fileRef = CC02E19C1C4A9A270024D998 /* main.m */; };
		CC02E1A51C4A9AEA0024D998 /* Pessoa.m in Sources */ = {isa = PBXBuildFile; fileRef = CC02E1A41C4A9AEA0024D998 /* Pessoa.m */; };
/* End PBXBuildFile section */

/* Begin PBXCopyFilesBuildPhase section */
		CC02E1971C4A9A270024D998 /* CopyFiles */ = {
			isa = PBXCopyFilesBuildPhase;
			buildActionMask = 2147483647;
			dstPath = /usr/share/man/man1/;
			dstSubfolderSpec = 0;
			files = (
			);
			runOnlyForDeploymentPostprocessing = 1;
		};
/* End PBXCopyFilesBuildPhase section */

/* Begin PBXFileReference section */
		CC02E1991C4A9A270024D998 /* PrimeiraClasse */ = {isa = PBXFileReference; explicitFileType = "compiled.mach-o.executable"; includeInIndex = 0; path = PrimeiraClasse; sourceTree = BUILT_PRODUCTS_DIR; };
		CC02E19C1C4A9A270024D998 /* main.m */ = {isa = PBXFileReference; lastKnownFileType = sourcecode.c.objc; path = main.m; sourceTree = "<group>"; };
		CC02E1A31C4A9AEA0024D998 /* Pessoa.h */ = {isa = PBXFileReference; fileEncoding = 4; lastKnownFileType = sourcecode.c.h; path = Pessoa.h; sourceTree = "<group>"; };
		CC02E1A41C4A9AEA0024D998 /* Pessoa.m */ = {isa = PBXFileReference; fileEncoding = 4; lastKnownFileType = sourcecode.c.objc; path = Pessoa.m; sourceTree = "<group>"; };
/* End PBXFileReference section */

/* Begin PBXFrameworksBuildPhase section */
		CC02E1961C4A9A270024D998 /* Frameworks */ = {
			isa = PBXFrameworksBuildPhase;
			buildActionMask = 2147483647;
			files = (
			);
			runOnlyForDeploymentPostprocessing = 0;
		};
/* End PBXFrameworksBuildPhase section */

/* Begin PBXGroup section */
		CC02E1901C4A9A270024D998 = {
			isa = PBXGroup;
			children = (
				CC02E19B1C4A9A270024D998 /* PrimeiraClasse */,
				CC02E19A1C4A9A270024D998 /* Products */,
			);
			sourceTree = "<group>";
		};
		CC02E19A1C4A9A270024D998 /* Products */ = {
			isa = PBXGroup;
			children = (
				CC02E1991C4A9A270024D998 /* PrimeiraClasse */,
			);
			name = Products;
			sourceTree = "<group>";
		};
		CC02E19B1C4A9A270024D998 /* PrimeiraClasse */ = {
			isa = PBXGroup;
			children = (
				CC02E19C1C4A9A270024D998 /* main.m */,
				CC02E1A31C4A9AEA0024D998 /* Pessoa.h */,
				CC02E1A41C4A9AEA0024D998 /* Pessoa.m */,
			);
			path = PrimeiraClasse;
			sourceTree = "<group>";
		};
/* End PBXGroup section */

/* Begin PBXNativeTarget section */
		CC02E1981C4A9A270024D998 /* PrimeiraClasse */ = {
			isa = PBXNativeTarget;
			buildConfigurationList = CC02E1A01C4A9A270024D998 /* Build configuration list for PBXNativeTarget "PrimeiraClasse" */;
			buildPhases = (
				CC02E1951C4A9A270024D998 /* Sources */,
				CC02E1961C4A9A270024D998 /* Frameworks */,
				CC02E1971C4A9A270024D998 /* CopyFiles */,
			);
			buildRules = (
			);
			dependencies = (
			);
			name = PrimeiraClasse;
			productName = PrimeiraClasse;
			productReference = CC02E1991C4A9A270024D998 /* PrimeiraClasse */;
			productType = "com.apple.product-type.tool";
		};
/* End PBXNativeTarget section */

/* Begin PBXProject section */
		CC02E1911C4A9A270024D998 /* Project object */ = {
			isa = PBXProject;
			attributes = {
				LastUpgradeCheck = 0720;
				ORGANIZATIONNAME = "Macbook Retina";
				TargetAttributes = {
					CC02E1981C4A9A270024D998 = {
						CreatedOnToolsVersion = 7.2;
					};
				};
			};
			buildConfigurationList = CC02E1941C4A9A270024D998 /* Build configuration list for PBXProject "PrimeiraClasse" */;
			compatibilityVersion = "Xcode 3.2";
			developmentRegion = English;
			hasScannedForEncodings = 0;
			knownRegions = (
				en,
			);
			mainGroup = CC02E1901C4A9A270024D998;
			productRefGroup = CC02E19A1C4A9A270024D998 /* Products */;
			projectDirPath = "";
			projectRoot = "";
			targets = (
				CC02E1981C4A9A270024D998 /* PrimeiraClasse */,
			);
		};
/* End PBXProject section */

/* Begin PBXSourcesBuildPhase section */
		CC02E1951C4A9A270024D998 /* Sources */ = {
			isa = PBXSourcesBuildPhase;
			buildActionMask = 2147483647;
			files = (
				CC02E1A51C4A9AEA0024D998 /* Pessoa.m in Sources */,
				CC02E19D1C4A9A270024D998 /* main.m in Sources */,
			);
			runOnlyForDeploymentPostprocessing = 0;
		};
/* End PBXSourcesBuildPhase section */

/* Begin XCBuildConfiguration section */
		CC02E19E1C4A9A270024D998 /* Debug */ = {
			isa = XCBuildConfiguration;
			buildSettings = {
				ALWAYS_SEARCH_USER_PATHS = NO;
				CLANG_CXX_LANGUAGE_STANDARD = "gnu++0x";
				CLANG_CXX_LIBRARY = "libc++";
				CLANG_ENABLE_MODULES = YES;
				CLANG_ENABLE_OBJC_ARC = YES;
				CLANG_WARN_BOOL_CONVERSION = YES;
				CLANG_WARN_CONSTANT_CONVERSION = YES;
				CLANG_WARN_DIRECT_OBJC_ISA_USAGE = YES_ERROR;
				CLANG_WARN_EMPTY_BODY = YES;
				CLANG_WARN_ENUM_CONVERSION = YES;
				CLANG_WARN_INT_CONVERSION = YES;
				CLANG_WARN_OBJC_ROOT_CLASS = YES_ERROR;
				CLANG_WARN_UNREACHABLE_CODE = YES;
				CLANG_WARN__DUPLICATE_METHOD_MATCH = YES;
				CODE_SIGN_IDENTITY = "-";
				COPY_PHASE_STRIP = NO;
				DEBUG_INFORMATION_FORMAT = dwarf;
				ENABLE_STRICT_OBJC_MSGSEND = YES;
				ENABLE_TESTABILITY = YES;
				GCC_C_LANGUAGE_STANDARD = gnu99;
				GCC_DYNAMIC_NO_PIC = NO;
				GCC_NO_COMMON_BLOCKS = YES;
				GCC_OPTIMIZATION_LEVEL = 0;
				GCC_PREPROCESSOR_DEFINITIONS = (
					"DEBUG=1",
					"$(inherited)",
				);
				GCC_WARN_64_TO_32_BIT_CONVERSION = YES;
				GCC_WARN_ABOUT_RETURN_TYPE = YES_ERROR;
				GCC_WARN_UNDECLARED_SELECTOR = YES;
				GCC_WARN_UNINITIALIZED_AUTOS = YES_AGGRESSIVE;
				GCC_WARN_UNUSED_FUNCTION = YES;
				GCC_WARN_UNUSED_VARIABLE = YES;
				MACOSX_DEPLOYMENT_TARGET = 10.10;
				MTL_ENABLE_DEBUG_INFO = YES;
				ONLY_ACTIVE_ARCH = YES;
				SDKROOT = macosx;
			};
			name = Debug;
		};
		CC02E19F1C4A9A270024D998 /* Release */ = {
			isa = XCBuildConfiguration;
			buildSettings = {
				ALWAYS_SEARCH_USER_PATHS = NO;
				CLANG_CXX_LANGUAGE_STANDARD = "gnu++0x";
				CLANG_CXX_LIBRARY = "libc++";
				CLANG_ENABLE_MODULES = YES;
				CLANG_ENABLE_OBJC_ARC = YES;
				CLANG_WARN_BOOL_CONVERSION = YES;
				CLANG_WARN_CONSTANT_CONVERSION = YES;
				CLANG_WARN_DIRECT_OBJC_ISA_USAGE = YES_ERROR;
				CLANG_WARN_EMPTY_BODY = YES;
				CLANG_WARN_ENUM_CONVERSION = YES;
				CLANG_WARN_INT_CONVERSION = YES;
				CLANG_WARN_OBJC_ROOT_CLASS = YES_ERROR;
				CLANG_WARN_UNREACHABLE_CODE = YES;
				CLANG_WARN__DUPLICATE_METHOD_MATCH = YES;
				CODE_SIGN_IDENTITY = "-";
				COPY_PHASE_STRIP = NO;
				DEBUG_INFORMATION_FORMAT = "dwarf-with-dsym";
				ENABLE_NS_ASSERTIONS = NO;
				ENABLE_STRICT_OBJC_MSGSEND = YES;
				GCC_C_LANGUAGE_STANDARD = gnu99;
				GCC_NO_COMMON_BLOCKS = YES;
				GCC_WARN_64_TO_32_BIT_CONVERSION = YES;
				GCC_WARN_ABOUT_RETURN_TYPE = YES_ERROR;
				GCC_WARN_UNDECLARED_SELECTOR = YES;
				GCC_WARN_UNINITIALIZED_AUTOS = YES_AGGRESSIVE;
				GCC_WARN_UNUSED_FUNCTION = YES;
				GCC_WARN_UNUSED_VARIABLE = YES;
				MACOSX_DEPLOYMENT_TARGET = 10.10;
				MTL_ENABLE_DEBUG_INFO = NO;
				SDKROOT = macosx;
			};
			name = Release;
		};
		CC02E1A11C4A9A270024D998 /* Debug */ = {
			isa = XCBuildConfiguration;
			buildSettings = {
				PRODUCT_NAME = "$(TARGET_NAME)";
			};
			name = Debug;
		};
		CC02E1A21C4A9A270024D998 /* Release */ = {
			isa = XCBuildConfiguration;
			buildSettings = {
				PRODUCT_NAME = "$(TARGET_NAME)";
			};
			name = Release;
		};
/* End XCBuildConfiguration section */

/* Begin XCConfigurationList section */
		CC02E1941C4A9A270024D998 /* Build configuration list for PBXProject "PrimeiraClasse" */ = {
			isa = XCConfigurationList;
			buildConfigurations = (
				CC02E19E1C4A9A270024D998 /* Debug */,
				CC02E19F1C4A9A270024D998 /* Release */,
			);
			defaultConfigurationIsVisible = 0;
			defaultConfigurationName = Release;
		};
		CC02E1A01C4A9A270024D998 /* Build configuration list for PBXNativeTarget "PrimeiraClasse" */ = {
			isa = XCConfigurationList;
			buildConfigurations = (
				CC02E1A11C4A9A270024D998 /* Debug */,
				CC02E1A21C4A9A270024D998 /* Release */,
			);
			defaultConfigurationIsVisible = 0;
		};
/* End XCConfigurationList section */
	};
	rootObject = CC02E1911C4A9A270024D998 /* Project object */;
}
