// !$*UTF8*$!
{
	archiveVersion = 1;
	classes = {
	};
	objectVersion = 46;
	objects = {

/* Begin PBXBuildFile section */
		93FE332A1C6F4B3E001BD588 /* main.m in Sources */ = {isa = PBXBuildFile; fileRef = 93FE33291C6F4B3E001BD588 /* main.m */; };
		93FE332D1C6F4B3E001BD588 /* AppDelegate.m in Sources */ = {isa = PBXBuildFile; fileRef = 93FE332C1C6F4B3E001BD588 /* AppDelegate.m */; };
		93FE33301C6F4B3E001BD588 /* ViewController.m in Sources */ = {isa = PBXBuildFile; fileRef = 93FE332F1C6F4B3E001BD588 /* ViewController.m */; };
		93FE33331C6F4B3E001BD588 /* Main.storyboard in Resources */ = {isa = PBXBuildFile; fileRef = 93FE33311C6F4B3E001BD588 /* Main.storyboard */; };
		93FE33351C6F4B3E001BD588 /* Assets.xcassets in Resources */ = {isa = PBXBuildFile; fileRef = 93FE33341C6F4B3E001BD588 /* Assets.xcassets */; };
		93FE33381C6F4B3E001BD588 /* LaunchScreen.storyboard in Resources */ = {isa = PBXBuildFile; fileRef = 93FE33361C6F4B3E001BD588 /* LaunchScreen.storyboard */; };
		93FE33431C6F4B3E001BD588 /* TrocaDeDadosEntreTelasTests.m in Sources */ = {isa = PBXBuildFile; fileRef = 93FE33421C6F4B3E001BD588 /* TrocaDeDadosEntreTelasTests.m */; };
		93FE334E1C6F4B3E001BD588 /* TrocaDeDadosEntreTelasUITests.m in Sources */ = {isa = PBXBuildFile; fileRef = 93FE334D1C6F4B3E001BD588 /* TrocaDeDadosEntreTelasUITests.m */; };
		93FE33601C6F4EE9001BD588 /* Tela2ViewController.m in Sources */ = {isa = PBXBuildFile; fileRef = 93FE335F1C6F4EE9001BD588 /* Tela2ViewController.m */; settings = {ASSET_TAGS = (); }; };
/* End PBXBuildFile section */

/* Begin PBXContainerItemProxy section */
		93FE333F1C6F4B3E001BD588 /* PBXContainerItemProxy */ = {
			isa = PBXContainerItemProxy;
			containerPortal = 93FE331D1C6F4B3E001BD588 /* Project object */;
			proxyType = 1;
			remoteGlobalIDString = 93FE33241C6F4B3E001BD588;
			remoteInfo = TrocaDeDadosEntreTelas;
		};
		93FE334A1C6F4B3E001BD588 /* PBXContainerItemProxy */ = {
			isa = PBXContainerItemProxy;
			containerPortal = 93FE331D1C6F4B3E001BD588 /* Project object */;
			proxyType = 1;
			remoteGlobalIDString = 93FE33241C6F4B3E001BD588;
			remoteInfo = TrocaDeDadosEntreTelas;
		};
/* End PBXContainerItemProxy section */

/* Begin PBXFileReference section */
		93FE33251C6F4B3E001BD588 /* TrocaDeDadosEntreTelas.app */ = {isa = PBXFileReference; explicitFileType = wrapper.application; includeInIndex = 0; path = TrocaDeDadosEntreTelas.app; sourceTree = BUILT_PRODUCTS_DIR; };
		93FE33291C6F4B3E001BD588 /* main.m */ = {isa = PBXFileReference; lastKnownFileType = sourcecode.c.objc; path = main.m; sourceTree = "<group>"; };
		93FE332B1C6F4B3E001BD588 /* AppDelegate.h */ = {isa = PBXFileReference; lastKnownFileType = sourcecode.c.h; path = AppDelegate.h; sourceTree = "<group>"; };
		93FE332C1C6F4B3E001BD588 /* AppDelegate.m */ = {isa = PBXFileReference; lastKnownFileType = sourcecode.c.objc; path = AppDelegate.m; sourceTree = "<group>"; };
		93FE332E1C6F4B3E001BD588 /* ViewController.h */ = {isa = PBXFileReference; lastKnownFileType = sourcecode.c.h; path = ViewController.h; sourceTree = "<group>"; };
		93FE332F1C6F4B3E001BD588 /* ViewController.m */ = {isa = PBXFileReference; lastKnownFileType = sourcecode.c.objc; path = ViewController.m; sourceTree = "<group>"; };
		93FE33321C6F4B3E001BD588 /* Base */ = {isa = PBXFileReference; lastKnownFileType = file.storyboard; name = Base; path = Base.lproj/Main.storyboard; sourceTree = "<group>"; };
		93FE33341C6F4B3E001BD588 /* Assets.xcassets */ = {isa = PBXFileReference; lastKnownFileType = folder.assetcatalog; path = Assets.xcassets; sourceTree = "<group>"; };
		93FE33371C6F4B3E001BD588 /* Base */ = {isa = PBXFileReference; lastKnownFileType = file.storyboard; name = Base; path = Base.lproj/LaunchScreen.storyboard; sourceTree = "<group>"; };
		93FE33391C6F4B3E001BD588 /* Info.plist */ = {isa = PBXFileReference; lastKnownFileType = text.plist.xml; path = Info.plist; sourceTree = "<group>"; };
		93FE333E1C6F4B3E001BD588 /* TrocaDeDadosEntreTelasTests.xctest */ = {isa = PBXFileReference; explicitFileType = wrapper.cfbundle; includeInIndex = 0; path = TrocaDeDadosEntreTelasTests.xctest; sourceTree = BUILT_PRODUCTS_DIR; };
		93FE33421C6F4B3E001BD588 /* TrocaDeDadosEntreTelasTests.m */ = {isa = PBXFileReference; lastKnownFileType = sourcecode.c.objc; path = TrocaDeDadosEntreTelasTests.m; sourceTree = "<group>"; };
		93FE33441C6F4B3E001BD588 /* Info.plist */ = {isa = PBXFileReference; lastKnownFileType = text.plist.xml; path = Info.plist; sourceTree = "<group>"; };
		93FE33491C6F4B3E001BD588 /* TrocaDeDadosEntreTelasUITests.xctest */ = {isa = PBXFileReference; explicitFileType = wrapper.cfbundle; includeInIndex = 0; path = TrocaDeDadosEntreTelasUITests.xctest; sourceTree = BUILT_PRODUCTS_DIR; };
		93FE334D1C6F4B3E001BD588 /* TrocaDeDadosEntreTelasUITests.m */ = {isa = PBXFileReference; lastKnownFileType = sourcecode.c.objc; path = TrocaDeDadosEntreTelasUITests.m; sourceTree = "<group>"; };
		93FE334F1C6F4B3E001BD588 /* Info.plist */ = {isa = PBXFileReference; lastKnownFileType = text.plist.xml; path = Info.plist; sourceTree = "<group>"; };
		93FE335E1C6F4EE9001BD588 /* Tela2ViewController.h */ = {isa = PBXFileReference; fileEncoding = 4; lastKnownFileType = sourcecode.c.h; path = Tela2ViewController.h; sourceTree = "<group>"; };
		93FE335F1C6F4EE9001BD588 /* Tela2ViewController.m */ = {isa = PBXFileReference; fileEncoding = 4; lastKnownFileType = sourcecode.c.objc; path = Tela2ViewController.m; sourceTree = "<group>"; };
/* End PBXFileReference section */

/* Begin PBXFrameworksBuildPhase section */
		93FE33221C6F4B3E001BD588 /* Frameworks */ = {
			isa = PBXFrameworksBuildPhase;
			buildActionMask = 2147483647;
			files = (
			);
			runOnlyForDeploymentPostprocessing = 0;
		};
		93FE333B1C6F4B3E001BD588 /* Frameworks */ = {
			isa = PBXFrameworksBuildPhase;
			buildActionMask = 2147483647;
			files = (
			);
			runOnlyForDeploymentPostprocessing = 0;
		};
		93FE33461C6F4B3E001BD588 /* Frameworks */ = {
			isa = PBXFrameworksBuildPhase;
			buildActionMask = 2147483647;
			files = (
			);
			runOnlyForDeploymentPostprocessing = 0;
		};
/* End PBXFrameworksBuildPhase section */

/* Begin PBXGroup section */
		93FE331C1C6F4B3E001BD588 = {
			isa = PBXGroup;
			children = (
				93FE33271C6F4B3E001BD588 /* TrocaDeDadosEntreTelas */,
				93FE33411C6F4B3E001BD588 /* TrocaDeDadosEntreTelasTests */,
				93FE334C1C6F4B3E001BD588 /* TrocaDeDadosEntreTelasUITests */,
				93FE33261C6F4B3E001BD588 /* Products */,
			);
			sourceTree = "<group>";
		};
		93FE33261C6F4B3E001BD588 /* Products */ = {
			isa = PBXGroup;
			children = (
				93FE33251C6F4B3E001BD588 /* TrocaDeDadosEntreTelas.app */,
				93FE333E1C6F4B3E001BD588 /* TrocaDeDadosEntreTelasTests.xctest */,
				93FE33491C6F4B3E001BD588 /* TrocaDeDadosEntreTelasUITests.xctest */,
			);
			name = Products;
			sourceTree = "<group>";
		};
		93FE33271C6F4B3E001BD588 /* TrocaDeDadosEntreTelas */ = {
			isa = PBXGroup;
			children = (
				93FE332B1C6F4B3E001BD588 /* AppDelegate.h */,
				93FE332C1C6F4B3E001BD588 /* AppDelegate.m */,
				93FE332E1C6F4B3E001BD588 /* ViewController.h */,
				93FE332F1C6F4B3E001BD588 /* ViewController.m */,
				93FE33311C6F4B3E001BD588 /* Main.storyboard */,
				93FE335E1C6F4EE9001BD588 /* Tela2ViewController.h */,
				93FE335F1C6F4EE9001BD588 /* Tela2ViewController.m */,
				93FE33341C6F4B3E001BD588 /* Assets.xcassets */,
				93FE33361C6F4B3E001BD588 /* LaunchScreen.storyboard */,
				93FE33391C6F4B3E001BD588 /* Info.plist */,
				93FE33281C6F4B3E001BD588 /* Supporting Files */,
			);
			path = TrocaDeDadosEntreTelas;
			sourceTree = "<group>";
		};
		93FE33281C6F4B3E001BD588 /* Supporting Files */ = {
			isa = PBXGroup;
			children = (
				93FE33291C6F4B3E001BD588 /* main.m */,
			);
			name = "Supporting Files";
			sourceTree = "<group>";
		};
		93FE33411C6F4B3E001BD588 /* TrocaDeDadosEntreTelasTests */ = {
			isa = PBXGroup;
			children = (
				93FE33421C6F4B3E001BD588 /* TrocaDeDadosEntreTelasTests.m */,
				93FE33441C6F4B3E001BD588 /* Info.plist */,
			);
			path = TrocaDeDadosEntreTelasTests;
			sourceTree = "<group>";
		};
		93FE334C1C6F4B3E001BD588 /* TrocaDeDadosEntreTelasUITests */ = {
			isa = PBXGroup;
			children = (
				93FE334D1C6F4B3E001BD588 /* TrocaDeDadosEntreTelasUITests.m */,
				93FE334F1C6F4B3E001BD588 /* Info.plist */,
			);
			path = TrocaDeDadosEntreTelasUITests;
			sourceTree = "<group>";
		};
/* End PBXGroup section */

/* Begin PBXNativeTarget section */
		93FE33241C6F4B3E001BD588 /* TrocaDeDadosEntreTelas */ = {
			isa = PBXNativeTarget;
			buildConfigurationList = 93FE33521C6F4B3E001BD588 /* Build configuration list for PBXNativeTarget "TrocaDeDadosEntreTelas" */;
			buildPhases = (
				93FE33211C6F4B3E001BD588 /* Sources */,
				93FE33221C6F4B3E001BD588 /* Frameworks */,
				93FE33231C6F4B3E001BD588 /* Resources */,
			);
			buildRules = (
			);
			dependencies = (
			);
			name = TrocaDeDadosEntreTelas;
			productName = TrocaDeDadosEntreTelas;
			productReference = 93FE33251C6F4B3E001BD588 /* TrocaDeDadosEntreTelas.app */;
			productType = "com.apple.product-type.application";
		};
		93FE333D1C6F4B3E001BD588 /* TrocaDeDadosEntreTelasTests */ = {
			isa = PBXNativeTarget;
			buildConfigurationList = 93FE33551C6F4B3E001BD588 /* Build configuration list for PBXNativeTarget "TrocaDeDadosEntreTelasTests" */;
			buildPhases = (
				93FE333A1C6F4B3E001BD588 /* Sources */,
				93FE333B1C6F4B3E001BD588 /* Frameworks */,
				93FE333C1C6F4B3E001BD588 /* Resources */,
			);
			buildRules = (
			);
			dependencies = (
				93FE33401C6F4B3E001BD588 /* PBXTargetDependency */,
			);
			name = TrocaDeDadosEntreTelasTests;
			productName = TrocaDeDadosEntreTelasTests;
			productReference = 93FE333E1C6F4B3E001BD588 /* TrocaDeDadosEntreTelasTests.xctest */;
			productType = "com.apple.product-type.bundle.unit-test";
		};
		93FE33481C6F4B3E001BD588 /* TrocaDeDadosEntreTelasUITests */ = {
			isa = PBXNativeTarget;
			buildConfigurationList = 93FE33581C6F4B3E001BD588 /* Build configuration list for PBXNativeTarget "TrocaDeDadosEntreTelasUITests" */;
			buildPhases = (
				93FE33451C6F4B3E001BD588 /* Sources */,
				93FE33461C6F4B3E001BD588 /* Frameworks */,
				93FE33471C6F4B3E001BD588 /* Resources */,
			);
			buildRules = (
			);
			dependencies = (
				93FE334B1C6F4B3E001BD588 /* PBXTargetDependency */,
			);
			name = TrocaDeDadosEntreTelasUITests;
			productName = TrocaDeDadosEntreTelasUITests;
			productReference = 93FE33491C6F4B3E001BD588 /* TrocaDeDadosEntreTelasUITests.xctest */;
			productType = "com.apple.product-type.bundle.ui-testing";
		};
/* End PBXNativeTarget section */

/* Begin PBXProject section */
		93FE331D1C6F4B3E001BD588 /* Project object */ = {
			isa = PBXProject;
			attributes = {
				LastUpgradeCheck = 0700;
				ORGANIZATIONNAME = "Guilherme Pola";
				TargetAttributes = {
					93FE33241C6F4B3E001BD588 = {
						CreatedOnToolsVersion = 7.0.1;
					};
					93FE333D1C6F4B3E001BD588 = {
						CreatedOnToolsVersion = 7.0.1;
						TestTargetID = 93FE33241C6F4B3E001BD588;
					};
					93FE33481C6F4B3E001BD588 = {
						CreatedOnToolsVersion = 7.0.1;
						TestTargetID = 93FE33241C6F4B3E001BD588;
					};
				};
			};
			buildConfigurationList = 93FE33201C6F4B3E001BD588 /* Build configuration list for PBXProject "TrocaDeDadosEntreTelas" */;
			compatibilityVersion = "Xcode 3.2";
			developmentRegion = English;
			hasScannedForEncodings = 0;
			knownRegions = (
				en,
				Base,
			);
			mainGroup = 93FE331C1C6F4B3E001BD588;
			productRefGroup = 93FE33261C6F4B3E001BD588 /* Products */;
			projectDirPath = "";
			projectRoot = "";
			targets = (
				93FE33241C6F4B3E001BD588 /* TrocaDeDadosEntreTelas */,
				93FE333D1C6F4B3E001BD588 /* TrocaDeDadosEntreTelasTests */,
				93FE33481C6F4B3E001BD588 /* TrocaDeDadosEntreTelasUITests */,
			);
		};
/* End PBXProject section */

/* Begin PBXResourcesBuildPhase section */
		93FE33231C6F4B3E001BD588 /* Resources */ = {
			isa = PBXResourcesBuildPhase;
			buildActionMask = 2147483647;
			files = (
				93FE33381C6F4B3E001BD588 /* LaunchScreen.storyboard in Resources */,
				93FE33351C6F4B3E001BD588 /* Assets.xcassets in Resources */,
				93FE33331C6F4B3E001BD588 /* Main.storyboard in Resources */,
			);
			runOnlyForDeploymentPostprocessing = 0;
		};
		93FE333C1C6F4B3E001BD588 /* Resources */ = {
			isa = PBXResourcesBuildPhase;
			buildActionMask = 2147483647;
			files = (
			);
			runOnlyForDeploymentPostprocessing = 0;
		};
		93FE33471C6F4B3E001BD588 /* Resources */ = {
			isa = PBXResourcesBuildPhase;
			buildActionMask = 2147483647;
			files = (
			);
			runOnlyForDeploymentPostprocessing = 0;
		};
/* End PBXResourcesBuildPhase section */

/* Begin PBXSourcesBuildPhase section */
		93FE33211C6F4B3E001BD588 /* Sources */ = {
			isa = PBXSourcesBuildPhase;
			buildActionMask = 2147483647;
			files = (
				93FE33301C6F4B3E001BD588 /* ViewController.m in Sources */,
				93FE332D1C6F4B3E001BD588 /* AppDelegate.m in Sources */,
				93FE332A1C6F4B3E001BD588 /* main.m in Sources */,
				93FE33601C6F4EE9001BD588 /* Tela2ViewController.m in Sources */,
			);
			runOnlyForDeploymentPostprocessing = 0;
		};
		93FE333A1C6F4B3E001BD588 /* Sources */ = {
			isa = PBXSourcesBuildPhase;
			buildActionMask = 2147483647;
			files = (
				93FE33431C6F4B3E001BD588 /* TrocaDeDadosEntreTelasTests.m in Sources */,
			);
			runOnlyForDeploymentPostprocessing = 0;
		};
		93FE33451C6F4B3E001BD588 /* Sources */ = {
			isa = PBXSourcesBuildPhase;
			buildActionMask = 2147483647;
			files = (
				93FE334E1C6F4B3E001BD588 /* TrocaDeDadosEntreTelasUITests.m in Sources */,
			);
			runOnlyForDeploymentPostprocessing = 0;
		};
/* End PBXSourcesBuildPhase section */

/* Begin PBXTargetDependency section */
		93FE33401C6F4B3E001BD588 /* PBXTargetDependency */ = {
			isa = PBXTargetDependency;
			target = 93FE33241C6F4B3E001BD588 /* TrocaDeDadosEntreTelas */;
			targetProxy = 93FE333F1C6F4B3E001BD588 /* PBXContainerItemProxy */;
		};
		93FE334B1C6F4B3E001BD588 /* PBXTargetDependency */ = {
			isa = PBXTargetDependency;
			target = 93FE33241C6F4B3E001BD588 /* TrocaDeDadosEntreTelas */;
			targetProxy = 93FE334A1C6F4B3E001BD588 /* PBXContainerItemProxy */;
		};
/* End PBXTargetDependency section */

/* Begin PBXVariantGroup section */
		93FE33311C6F4B3E001BD588 /* Main.storyboard */ = {
			isa = PBXVariantGroup;
			children = (
				93FE33321C6F4B3E001BD588 /* Base */,
			);
			name = Main.storyboard;
			sourceTree = "<group>";
		};
		93FE33361C6F4B3E001BD588 /* LaunchScreen.storyboard */ = {
			isa = PBXVariantGroup;
			children = (
				93FE33371C6F4B3E001BD588 /* Base */,
			);
			name = LaunchScreen.storyboard;
			sourceTree = "<group>";
		};
/* End PBXVariantGroup section */

/* Begin XCBuildConfiguration section */
		93FE33501C6F4B3E001BD588 /* Debug */ = {
			isa = XCBuildConfiguration;
			buildSettings = {
				ALWAYS_SEARCH_USER_PATHS = NO;
				CLANG_CXX_LANGUAGE_STANDARD = "gnu++0x";
				CLANG_CXX_LIBRARY = "libc++";
				CLANG_ENABLE_MODULES = YES;
				CLANG_ENABLE_OBJC_ARC = YES;
				CLANG_WARN_BOOL_CONVERSION = YES;
				CLANG_WARN_CONSTANT_CONVERSION = YES;
				CLANG_WARN_DIRECT_OBJC_ISA_USAGE = YES_ERROR;
				CLANG_WARN_EMPTY_BODY = YES;
				CLANG_WARN_ENUM_CONVERSION = YES;
				CLANG_WARN_INT_CONVERSION = YES;
				CLANG_WARN_OBJC_ROOT_CLASS = YES_ERROR;
				CLANG_WARN_UNREACHABLE_CODE = YES;
				CLANG_WARN__DUPLICATE_METHOD_MATCH = YES;
				"CODE_SIGN_IDENTITY[sdk=iphoneos*]" = "iPhone Developer";
				COPY_PHASE_STRIP = NO;
				DEBUG_INFORMATION_FORMAT = dwarf;
				ENABLE_STRICT_OBJC_MSGSEND = YES;
				ENABLE_TESTABILITY = YES;
				GCC_C_LANGUAGE_STANDARD = gnu99;
				GCC_DYNAMIC_NO_PIC = NO;
				GCC_NO_COMMON_BLOCKS = YES;
				GCC_OPTIMIZATION_LEVEL = 0;
				GCC_PREPROCESSOR_DEFINITIONS = (
					"DEBUG=1",
					"$(inherited)",
				);
				GCC_WARN_64_TO_32_BIT_CONVERSION = YES;
				GCC_WARN_ABOUT_RETURN_TYPE = YES_ERROR;
				GCC_WARN_UNDECLARED_SELECTOR = YES;
				GCC_WARN_UNINITIALIZED_AUTOS = YES_AGGRESSIVE;
				GCC_WARN_UNUSED_FUNCTION = YES;
				GCC_WARN_UNUSED_VARIABLE = YES;
				IPHONEOS_DEPLOYMENT_TARGET = 9.0;
				MTL_ENABLE_DEBUG_INFO = YES;
				ONLY_ACTIVE_ARCH = YES;
				SDKROOT = iphoneos;
			};
			name = Debug;
		};
		93FE33511C6F4B3E001BD588 /* Release */ = {
			isa = XCBuildConfiguration;
			buildSettings = {
				ALWAYS_SEARCH_USER_PATHS = NO;
				CLANG_CXX_LANGUAGE_STANDARD = "gnu++0x";
				CLANG_CXX_LIBRARY = "libc++";
				CLANG_ENABLE_MODULES = YES;
				CLANG_ENABLE_OBJC_ARC = YES;
				CLANG_WARN_BOOL_CONVERSION = YES;
				CLANG_WARN_CONSTANT_CONVERSION = YES;
				CLANG_WARN_DIRECT_OBJC_ISA_USAGE = YES_ERROR;
				CLANG_WARN_EMPTY_BODY = YES;
				CLANG_WARN_ENUM_CONVERSION = YES;
				CLANG_WARN_INT_CONVERSION = YES;
				CLANG_WARN_OBJC_ROOT_CLASS = YES_ERROR;
				CLANG_WARN_UNREACHABLE_CODE = YES;
				CLANG_WARN__DUPLICATE_METHOD_MATCH = YES;
				"CODE_SIGN_IDENTITY[sdk=iphoneos*]" = "iPhone Developer";
				COPY_PHASE_STRIP = NO;
				DEBUG_INFORMATION_FORMAT = "dwarf-with-dsym";
				ENABLE_NS_ASSERTIONS = NO;
				ENABLE_STRICT_OBJC_MSGSEND = YES;
				GCC_C_LANGUAGE_STANDARD = gnu99;
				GCC_NO_COMMON_BLOCKS = YES;
				GCC_WARN_64_TO_32_BIT_CONVERSION = YES;
				GCC_WARN_ABOUT_RETURN_TYPE = YES_ERROR;
				GCC_WARN_UNDECLARED_SELECTOR = YES;
				GCC_WARN_UNINITIALIZED_AUTOS = YES_AGGRESSIVE;
				GCC_WARN_UNUSED_FUNCTION = YES;
				GCC_WARN_UNUSED_VARIABLE = YES;
				IPHONEOS_DEPLOYMENT_TARGET = 9.0;
				MTL_ENABLE_DEBUG_INFO = NO;
				SDKROOT = iphoneos;
				VALIDATE_PRODUCT = YES;
			};
			name = Release;
		};
		93FE33531C6F4B3E001BD588 /* Debug */ = {
			isa = XCBuildConfiguration;
			buildSettings = {
				ASSETCATALOG_COMPILER_APPICON_NAME = AppIcon;
				INFOPLIST_FILE = TrocaDeDadosEntreTelas/Info.plist;
				LD_RUNPATH_SEARCH_PATHS = "$(inherited) @executable_path/Frameworks";
				PRODUCT_BUNDLE_IDENTIFIER = br.curso.TrocaDeDadosEntreTelas;
				PRODUCT_NAME = "$(TARGET_NAME)";
			};
			name = Debug;
		};
		93FE33541C6F4B3E001BD588 /* Release */ = {
			isa = XCBuildConfiguration;
			buildSettings = {
				ASSETCATALOG_COMPILER_APPICON_NAME = AppIcon;
				INFOPLIST_FILE = TrocaDeDadosEntreTelas/Info.plist;
				LD_RUNPATH_SEARCH_PATHS = "$(inherited) @executable_path/Frameworks";
				PRODUCT_BUNDLE_IDENTIFIER = br.curso.TrocaDeDadosEntreTelas;
				PRODUCT_NAME = "$(TARGET_NAME)";
			};
			name = Release;
		};
		93FE33561C6F4B3E001BD588 /* Debug */ = {
			isa = XCBuildConfiguration;
			buildSettings = {
				BUNDLE_LOADER = "$(TEST_HOST)";
				INFOPLIST_FILE = TrocaDeDadosEntreTelasTests/Info.plist;
				LD_RUNPATH_SEARCH_PATHS = "$(inherited) @executable_path/Frameworks @loader_path/Frameworks";
				PRODUCT_BUNDLE_IDENTIFIER = br.curso.TrocaDeDadosEntreTelasTests;
				PRODUCT_NAME = "$(TARGET_NAME)";
				TEST_HOST = "$(BUILT_PRODUCTS_DIR)/TrocaDeDadosEntreTelas.app/TrocaDeDadosEntreTelas";
			};
			name = Debug;
		};
		93FE33571C6F4B3E001BD588 /* Release */ = {
			isa = XCBuildConfiguration;
			buildSettings = {
				BUNDLE_LOADER = "$(TEST_HOST)";
				INFOPLIST_FILE = TrocaDeDadosEntreTelasTests/Info.plist;
				LD_RUNPATH_SEARCH_PATHS = "$(inherited) @executable_path/Frameworks @loader_path/Frameworks";
				PRODUCT_BUNDLE_IDENTIFIER = br.curso.TrocaDeDadosEntreTelasTests;
				PRODUCT_NAME = "$(TARGET_NAME)";
				TEST_HOST = "$(BUILT_PRODUCTS_DIR)/TrocaDeDadosEntreTelas.app/TrocaDeDadosEntreTelas";
			};
			name = Release;
		};
		93FE33591C6F4B3E001BD588 /* Debug */ = {
			isa = XCBuildConfiguration;
			buildSettings = {
				INFOPLIST_FILE = TrocaDeDadosEntreTelasUITests/Info.plist;
				LD_RUNPATH_SEARCH_PATHS = "$(inherited) @executable_path/Frameworks @loader_path/Frameworks";
				PRODUCT_BUNDLE_IDENTIFIER = br.curso.TrocaDeDadosEntreTelasUITests;
				PRODUCT_NAME = "$(TARGET_NAME)";
				TEST_TARGET_NAME = TrocaDeDadosEntreTelas;
				USES_XCTRUNNER = YES;
			};
			name = Debug;
		};
		93FE335A1C6F4B3E001BD588 /* Release */ = {
			isa = XCBuildConfiguration;
			buildSettings = {
				INFOPLIST_FILE = TrocaDeDadosEntreTelasUITests/Info.plist;
				LD_RUNPATH_SEARCH_PATHS = "$(inherited) @executable_path/Frameworks @loader_path/Frameworks";
				PRODUCT_BUNDLE_IDENTIFIER = br.curso.TrocaDeDadosEntreTelasUITests;
				PRODUCT_NAME = "$(TARGET_NAME)";
				TEST_TARGET_NAME = TrocaDeDadosEntreTelas;
				USES_XCTRUNNER = YES;
			};
			name = Release;
		};
/* End XCBuildConfiguration section */

/* Begin XCConfigurationList section */
		93FE33201C6F4B3E001BD588 /* Build configuration list for PBXProject "TrocaDeDadosEntreTelas" */ = {
			isa = XCConfigurationList;
			buildConfigurations = (
				93FE33501C6F4B3E001BD588 /* Debug */,
				93FE33511C6F4B3E001BD588 /* Release */,
			);
			defaultConfigurationIsVisible = 0;
			defaultConfigurationName = Release;
		};
		93FE33521C6F4B3E001BD588 /* Build configuration list for PBXNativeTarget "TrocaDeDadosEntreTelas" */ = {
			isa = XCConfigurationList;
			buildConfigurations = (
				93FE33531C6F4B3E001BD588 /* Debug */,
				93FE33541C6F4B3E001BD588 /* Release */,
			);
			defaultConfigurationIsVisible = 0;
		};
		93FE33551C6F4B3E001BD588 /* Build configuration list for PBXNativeTarget "TrocaDeDadosEntreTelasTests" */ = {
			isa = XCConfigurationList;
			buildConfigurations = (
				93FE33561C6F4B3E001BD588 /* Debug */,
				93FE33571C6F4B3E001BD588 /* Release */,
			);
			defaultConfigurationIsVisible = 0;
		};
		93FE33581C6F4B3E001BD588 /* Build configuration list for PBXNativeTarget "TrocaDeDadosEntreTelasUITests" */ = {
			isa = XCConfigurationList;
			buildConfigurations = (
				93FE33591C6F4B3E001BD588 /* Debug */,
				93FE335A1C6F4B3E001BD588 /* Release */,
			);
			defaultConfigurationIsVisible = 0;
		};
/* End XCConfigurationList section */
	};
	rootObject = 93FE331D1C6F4B3E001BD588 /* Project object */;
}
